
Microsoft Visual Studio Solution File, Format Version 12.00
# Visual Studio Version 17
VisualStudioVersion = 17.11.35327.3
MinimumVisualStudioVersion = 10.0.40219.1
Project("{FAE04EC0-301F-11D3-BF4B-00C04F79EFBC}") = "SPHWModulThreeCastOne", "SPHWModulThreeCastOne.csproj", "{20FF5724-7BD4-46B6-B903-7A4F64B5B243}"
EndProject
Global
	GlobalSection(SolutionConfigurationPlatforms) = preSolution
		Debug|Any CPU = Debug|Any CPU
		Release|Any CPU = Release|Any CPU
	EndGlobalSection
	GlobalSection(ProjectConfigurationPlatforms) = postSolution
		{20FF5724-7BD4-46B6-B903-7A4F64B5B243}.Debug|Any CPU.ActiveCfg = Debug|Any CPU
		{20FF5724-7BD4-46B6-B903-7A4F64B5B243}.Debug|Any CPU.Build.0 = Debug|Any CPU
		{20FF5724-7BD4-46B6-B903-7A4F64B5B243}.Release|Any CPU.ActiveCfg = Release|Any CPU
		{20FF5724-7BD4-46B6-B903-7A4F64B5B243}.Release|Any CPU.Build.0 = Release|Any CPU
	EndGlobalSection
	GlobalSection(SolutionProperties) = preSolution
		HideSolutionNode = FALSE
	EndGlobalSection
	GlobalSection(ExtensibilityGlobals) = postSolution
		SolutionGuid = {B4629599-94F7-4A65-B838-B74FFBAA8C0B}
	EndGlobalSection
EndGlobal
